
Microsoft Visual Studio Solution File, Format Version 12.00
# Visual Studio 2012
Project("{FAE04EC0-301F-11D3-BF4B-00C04F79EFBC}") = "sem3_lab7", "sem3_lab7\sem3_lab7.csproj", "{5ACD62C2-13BC-4EB6-9611-F599FF13F8BB}"
EndProject
Global
	GlobalSection(SolutionConfigurationPlatforms) = preSolution
		Debug|Any CPU = Debug|Any CPU
		Release|Any CPU = Release|Any CPU
	EndGlobalSection
	GlobalSection(ProjectConfigurationPlatforms) = postSolution
		{5ACD62C2-13BC-4EB6-9611-F599FF13F8BB}.Debug|Any CPU.ActiveCfg = Debug|Any CPU
		{5ACD62C2-13BC-4EB6-9611-F599FF13F8BB}.Debug|Any CPU.Build.0 = Debug|Any CPU
		{5ACD62C2-13BC-4EB6-9611-F599FF13F8BB}.Release|Any CPU.ActiveCfg = Release|Any CPU
		{5ACD62C2-13BC-4EB6-9611-F599FF13F8BB}.Release|Any CPU.Build.0 = Release|Any CPU
	EndGlobalSection
	GlobalSection(SolutionProperties) = preSolution
		HideSolutionNode = FALSE
	EndGlobalSection
EndGlobal
